
Microsoft Visual Studio Solution File, Format Version 12.00
# Visual Studio Version 17
VisualStudioVersion = 17.10.35013.160
MinimumVisualStudioVersion = 10.0.40219.1
Project("{8BC9CEB8-8B4A-11D0-8D11-00A0C91BC942}") = "DZ", "DZ\DZ.vcxproj", "{FA1CDF4F-3008-430C-BF79-25ECE43DBE05}"
EndProject
Global
	GlobalSection(SolutionConfigurationPlatforms) = preSolution
		Debug|x64 = Debug|x64
		Debug|x86 = Debug|x86
		Release|x64 = Release|x64
		Release|x86 = Release|x86
	EndGlobalSection
	GlobalSection(ProjectConfigurationPlatforms) = postSolution
		{FA1CDF4F-3008-430C-BF79-25ECE43DBE05}.Debug|x64.ActiveCfg = Debug|x64
		{FA1CDF4F-3008-430C-BF79-25ECE43DBE05}.Debug|x64.Build.0 = Debug|x64
		{FA1CDF4F-3008-430C-BF79-25ECE43DBE05}.Debug|x86.ActiveCfg = Debug|Win32
		{FA1CDF4F-3008-430C-BF79-25ECE43DBE05}.Debug|x86.Build.0 = Debug|Win32
		{FA1CDF4F-3008-430C-BF79-25ECE43DBE05}.Release|x64.ActiveCfg = Release|x64
		{FA1CDF4F-3008-430C-BF79-25ECE43DBE05}.Release|x64.Build.0 = Release|x64
		{FA1CDF4F-3008-430C-BF79-25ECE43DBE05}.Release|x86.ActiveCfg = Release|Win32
		{FA1CDF4F-3008-430C-BF79-25ECE43DBE05}.Release|x86.Build.0 = Release|Win32
	EndGlobalSection
	GlobalSection(SolutionProperties) = preSolution
		HideSolutionNode = FALSE
	EndGlobalSection
	GlobalSection(ExtensibilityGlobals) = postSolution
		SolutionGuid = {A42F9F5C-0C36-4190-AEF1-FF2FDD12551F}
	EndGlobalSection
EndGlobal
